
Microsoft Visual Studio Solution File, Format Version 12.00
# Visual Studio Version 16
VisualStudioVersion = 16.0.31424.327
MinimumVisualStudioVersion = 10.0.40219.1
Project("{9A19103F-16F7-4668-BE54-9A1E7A4F7556}") = "ChangeLogLambda", "ChangeLogLambda\ChangeLogLambda.csproj", "{CF1256B6-3366-4332-8CDB-FC0CD969C2B7}"
EndProject
Global
	GlobalSection(SolutionConfigurationPlatforms) = preSolution
		Debug|Any CPU = Debug|Any CPU
		Release|Any CPU = Release|Any CPU
	EndGlobalSection
	GlobalSection(ProjectConfigurationPlatforms) = postSolution
		{CF1256B6-3366-4332-8CDB-FC0CD969C2B7}.Debug|Any CPU.ActiveCfg = Debug|Any CPU
		{CF1256B6-3366-4332-8CDB-FC0CD969C2B7}.Debug|Any CPU.Build.0 = Debug|Any CPU
		{CF1256B6-3366-4332-8CDB-FC0CD969C2B7}.Release|Any CPU.ActiveCfg = Release|Any CPU
		{CF1256B6-3366-4332-8CDB-FC0CD969C2B7}.Release|Any CPU.Build.0 = Release|Any CPU
	EndGlobalSection
	GlobalSection(SolutionProperties) = preSolution
		HideSolutionNode = FALSE
	EndGlobalSection
	GlobalSection(ExtensibilityGlobals) = postSolution
		SolutionGuid = {E3D14952-0B5B-4DA9-BF96-E9D3EF1D1112}
	EndGlobalSection
EndGlobal
